
Microsoft Visual Studio Solution File, Format Version 12.00
# Visual Studio Version 16
VisualStudioVersion = 16.0.33328.57
MinimumVisualStudioVersion = 10.0.40219.1
Project("{FAE04EC0-301F-11D3-BF4B-00C04F79EFBC}") = "OOP2_Task1", "OOP2_Task1\OOP2_Task1.csproj", "{297515CA-70D9-491D-B350-12C7081DEEA2}"
EndProject
Project("{FAE04EC0-301F-11D3-BF4B-00C04F79EFBC}") = "OOP2_1_Test1", "OOP2_1_Test1\OOP2_1_Test1.csproj", "{029E5B0D-0FAB-4755-8775-C6830305A68E}"
EndProject
Project("{FAE04EC0-301F-11D3-BF4B-00C04F79EFBC}") = "OOP2_1_Test2", "OOP2_1_Test2\OOP2_1_Test2.csproj", "{7C17AF84-0B58-4D37-9066-F1D28E0168C2}"
EndProject
Global
	GlobalSection(SolutionConfigurationPlatforms) = preSolution
		Debug|Any CPU = Debug|Any CPU
		Release|Any CPU = Release|Any CPU
	EndGlobalSection
	GlobalSection(ProjectConfigurationPlatforms) = postSolution
		{297515CA-70D9-491D-B350-12C7081DEEA2}.Debug|Any CPU.ActiveCfg = Debug|Any CPU
		{297515CA-70D9-491D-B350-12C7081DEEA2}.Debug|Any CPU.Build.0 = Debug|Any CPU
		{297515CA-70D9-491D-B350-12C7081DEEA2}.Release|Any CPU.ActiveCfg = Release|Any CPU
		{297515CA-70D9-491D-B350-12C7081DEEA2}.Release|Any CPU.Build.0 = Release|Any CPU
		{029E5B0D-0FAB-4755-8775-C6830305A68E}.Debug|Any CPU.ActiveCfg = Debug|Any CPU
		{029E5B0D-0FAB-4755-8775-C6830305A68E}.Debug|Any CPU.Build.0 = Debug|Any CPU
		{029E5B0D-0FAB-4755-8775-C6830305A68E}.Release|Any CPU.ActiveCfg = Release|Any CPU
		{029E5B0D-0FAB-4755-8775-C6830305A68E}.Release|Any CPU.Build.0 = Release|Any CPU
		{7C17AF84-0B58-4D37-9066-F1D28E0168C2}.Debug|Any CPU.ActiveCfg = Debug|Any CPU
		{7C17AF84-0B58-4D37-9066-F1D28E0168C2}.Debug|Any CPU.Build.0 = Debug|Any CPU
		{7C17AF84-0B58-4D37-9066-F1D28E0168C2}.Release|Any CPU.ActiveCfg = Release|Any CPU
		{7C17AF84-0B58-4D37-9066-F1D28E0168C2}.Release|Any CPU.Build.0 = Release|Any CPU
	EndGlobalSection
	GlobalSection(SolutionProperties) = preSolution
		HideSolutionNode = FALSE
	EndGlobalSection
	GlobalSection(ExtensibilityGlobals) = postSolution
		SolutionGuid = {A3ACE0F4-050A-432A-AB04-6C9C1A1CFF1E}
	EndGlobalSection
EndGlobal
